
Microsoft Visual Studio Solution File, Format Version 12.00
# Visual Studio Version 16
VisualStudioVersion = 16.0.31205.134
MinimumVisualStudioVersion = 10.0.40219.1
Project("{FAE04EC0-301F-11D3-BF4B-00C04F79EFBC}") = "Критический_Путь_Экзамен_Болдин", "Критический_Путь_Экзамен_Болдин\Критический_Путь_Экзамен_Болдин.csproj", "{F62A1E1E-C1E6-48A1-867D-4ABA0C407E86}"
EndProject
Project("{FAE04EC0-301F-11D3-BF4B-00C04F79EFBC}") = "UnitTestProject1", "UnitTestProject1\UnitTestProject1.csproj", "{D59C8C95-8769-4E3E-9018-057577050B09}"
EndProject
Global
	GlobalSection(SolutionConfigurationPlatforms) = preSolution
		Debug|Any CPU = Debug|Any CPU
		Release|Any CPU = Release|Any CPU
	EndGlobalSection
	GlobalSection(ProjectConfigurationPlatforms) = postSolution
		{F62A1E1E-C1E6-48A1-867D-4ABA0C407E86}.Debug|Any CPU.ActiveCfg = Debug|Any CPU
		{F62A1E1E-C1E6-48A1-867D-4ABA0C407E86}.Debug|Any CPU.Build.0 = Debug|Any CPU
		{F62A1E1E-C1E6-48A1-867D-4ABA0C407E86}.Release|Any CPU.ActiveCfg = Release|Any CPU
		{F62A1E1E-C1E6-48A1-867D-4ABA0C407E86}.Release|Any CPU.Build.0 = Release|Any CPU
		{D59C8C95-8769-4E3E-9018-057577050B09}.Debug|Any CPU.ActiveCfg = Debug|Any CPU
		{D59C8C95-8769-4E3E-9018-057577050B09}.Debug|Any CPU.Build.0 = Debug|Any CPU
		{D59C8C95-8769-4E3E-9018-057577050B09}.Release|Any CPU.ActiveCfg = Release|Any CPU
		{D59C8C95-8769-4E3E-9018-057577050B09}.Release|Any CPU.Build.0 = Release|Any CPU
	EndGlobalSection
	GlobalSection(SolutionProperties) = preSolution
		HideSolutionNode = FALSE
	EndGlobalSection
	GlobalSection(ExtensibilityGlobals) = postSolution
		SolutionGuid = {CAC2677A-3203-45BD-861F-2B30F933E997}
	EndGlobalSection
EndGlobal
